
Microsoft Visual Studio Solution File, Format Version 12.00
# Visual Studio Version 17
VisualStudioVersion = 17.14.36221.1 d17.14
MinimumVisualStudioVersion = 10.0.40219.1
Project("{FAE04EC0-301F-11D3-BF4B-00C04F79EFBC}") = "WebApiApplication", "WebApiApplication\WebApiApplication.csproj", "{AD0FC348-9176-451A-8BCC-E1DC65E4C8C8}"
EndProject
Project("{FAE04EC0-301F-11D3-BF4B-00C04F79EFBC}") = "WebApiData", "WebApiData\WebApiData.csproj", "{99AE1E68-39BA-423E-87BD-A8003E9F790E}"
EndProject
Project("{FAE04EC0-301F-11D3-BF4B-00C04F79EFBC}") = "WebApiDomain", "WebApiDomain\WebApiDomain.csproj", "{C31DFB7C-0FC4-4640-87AA-B4B59353D302}"
EndProject
Project("{FAE04EC0-301F-11D3-BF4B-00C04F79EFBC}") = "WebAppApi", "WebAppApi\WebAppApi.csproj", "{03EDEEB3-0EC0-41A7-9FD4-8B7724290FB4}"
EndProject
Global
	GlobalSection(SolutionConfigurationPlatforms) = preSolution
		Debug|Any CPU = Debug|Any CPU
		Release|Any CPU = Release|Any CPU
	EndGlobalSection
	GlobalSection(ProjectConfigurationPlatforms) = postSolution
		{AD0FC348-9176-451A-8BCC-E1DC65E4C8C8}.Debug|Any CPU.ActiveCfg = Debug|Any CPU
		{AD0FC348-9176-451A-8BCC-E1DC65E4C8C8}.Debug|Any CPU.Build.0 = Debug|Any CPU
		{AD0FC348-9176-451A-8BCC-E1DC65E4C8C8}.Release|Any CPU.ActiveCfg = Release|Any CPU
		{AD0FC348-9176-451A-8BCC-E1DC65E4C8C8}.Release|Any CPU.Build.0 = Release|Any CPU
		{99AE1E68-39BA-423E-87BD-A8003E9F790E}.Debug|Any CPU.ActiveCfg = Debug|Any CPU
		{99AE1E68-39BA-423E-87BD-A8003E9F790E}.Debug|Any CPU.Build.0 = Debug|Any CPU
		{99AE1E68-39BA-423E-87BD-A8003E9F790E}.Release|Any CPU.ActiveCfg = Release|Any CPU
		{99AE1E68-39BA-423E-87BD-A8003E9F790E}.Release|Any CPU.Build.0 = Release|Any CPU
		{C31DFB7C-0FC4-4640-87AA-B4B59353D302}.Debug|Any CPU.ActiveCfg = Debug|Any CPU
		{C31DFB7C-0FC4-4640-87AA-B4B59353D302}.Debug|Any CPU.Build.0 = Debug|Any CPU
		{C31DFB7C-0FC4-4640-87AA-B4B59353D302}.Release|Any CPU.ActiveCfg = Release|Any CPU
		{C31DFB7C-0FC4-4640-87AA-B4B59353D302}.Release|Any CPU.Build.0 = Release|Any CPU
		{03EDEEB3-0EC0-41A7-9FD4-8B7724290FB4}.Debug|Any CPU.ActiveCfg = Debug|Any CPU
		{03EDEEB3-0EC0-41A7-9FD4-8B7724290FB4}.Debug|Any CPU.Build.0 = Debug|Any CPU
		{03EDEEB3-0EC0-41A7-9FD4-8B7724290FB4}.Release|Any CPU.ActiveCfg = Release|Any CPU
		{03EDEEB3-0EC0-41A7-9FD4-8B7724290FB4}.Release|Any CPU.Build.0 = Release|Any CPU
	EndGlobalSection
	GlobalSection(SolutionProperties) = preSolution
		HideSolutionNode = FALSE
	EndGlobalSection
	GlobalSection(ExtensibilityGlobals) = postSolution
		SolutionGuid = {68D9B2A1-4B39-499A-9B4D-A669ED18C864}
	EndGlobalSection
EndGlobal
